{
  "name": "TomyAirline",
  "lockfileVersion": 3,
  "requires": true,
  "packages": {
    "": {
      "dependencies": {
        "webpack-hot-middleware": "^2.26.1"
      }
    },
    "node_modules/ansi-html-community": {
      "version": "0.0.8",
      "resolved": "https://registry.npmjs.org/ansi-html-community/-/ansi-html-community-0.0.8.tgz",
      "integrity": "sha512-1APHAyr3+PCamwNw3bXCPp4HFLONZt/yIH0sZp0/469KWNTEy+qN5jQ3GVX6DMZ1UXAi34yVwtTeaG/HpBuuzw==",
      "engines": [
        "node >= 0.8.0"
      ],
      "bin": {
        "ansi-html": "bin/ansi-html"
      }
    },
    "node_modules/ansi-regex": {
      "version": "5.0.1",
      "resolved": "https://registry.npmjs.org/ansi-regex/-/ansi-regex-5.0.1.tgz",
      "integrity": "sha512-quJQXlTSUGL2LH9SUXo8VwsY4soanhgo6LNSm84E1LBcE8s3O0wpdiRzyR9z/ZZJMlMWv37qOOb9pdJlMUEKFQ==",
      "engines": {
        "node": ">=8"
      }
    },
    "node_modules/html-entities": {
      "version": "2.5.2",
      "resolved": "https://registry.npmjs.org/html-entities/-/html-entities-2.5.2.tgz",
      "integrity": "sha512-K//PSRMQk4FZ78Kyau+mZurHn3FH0Vwr+H36eE0rPbeYkRRi9YxceYPhuN60UwWorxyKHhqoAJl2OFKa4BVtaA==",
      "funding": [
        {
          "type": "github",
          "url": "https://github.com/sponsors/mdevils"
        },
        {
          "type": "patreon",
          "url": "https://patreon.com/mdevils"
        }
      ]
    },
    "node_modules/strip-ansi": {
      "version": "6.0.1",
      "resolved": "https://registry.npmjs.org/strip-ansi/-/strip-ansi-6.0.1.tgz",
      "integrity": "sha512-Y38VPSHcqkFrCpFnQ9vuSXmquuv5oXOKpGeT6aGrr3o3Gc9AlVa6JBfUSOCnbxGGZF+/0ooI7KrPuUSztUdU5A==",
      "dependencies": {
        "ansi-regex": "^5.0.1"
      },
      "engines": {
        "node": ">=8"
      }
    },
    "node_modules/webpack-hot-middleware": {
      "version": "2.26.1",
      "resolved": "https://registry.npmjs.org/webpack-hot-middleware/-/webpack-hot-middleware-2.26.1.tgz",
      "integrity": "sha512-khZGfAeJx6I8K9zKohEWWYN6KDlVw2DHownoe+6Vtwj1LP9WFgegXnVMSkZ/dBEBtXFwrkkydsaPFlB7f8wU2A==",
      "dependencies": {
        "ansi-html-community": "0.0.8",
        "html-entities": "^2.1.0",
        "strip-ansi": "^6.0.0"
      }
    }
  }
}
